
Microsoft Visual Studio Solution File, Format Version 12.00
# Visual Studio Version 16
VisualStudioVersion = 16.0.30225.117
MinimumVisualStudioVersion = 10.0.40219.1
Project("{FAE04EC0-301F-11D3-BF4B-00C04F79EFBC}") = "warzone_cleaner_c", "warzone_cleaner_c\warzone_cleaner_c.csproj", "{FF256FD7-42BB-41D2-914F-72C0F87BF226}"
EndProject
Global
	GlobalSection(SolutionConfigurationPlatforms) = preSolution
		Debug|Any CPU = Debug|Any CPU
		Release|Any CPU = Release|Any CPU
	EndGlobalSection
	GlobalSection(ProjectConfigurationPlatforms) = postSolution
		{FF256FD7-42BB-41D2-914F-72C0F87BF226}.Debug|Any CPU.ActiveCfg = Debug|Any CPU
		{FF256FD7-42BB-41D2-914F-72C0F87BF226}.Debug|Any CPU.Build.0 = Debug|Any CPU
		{FF256FD7-42BB-41D2-914F-72C0F87BF226}.Release|Any CPU.ActiveCfg = Release|Any CPU
		{FF256FD7-42BB-41D2-914F-72C0F87BF226}.Release|Any CPU.Build.0 = Release|Any CPU
	EndGlobalSection
	GlobalSection(SolutionProperties) = preSolution
		HideSolutionNode = FALSE
	EndGlobalSection
	GlobalSection(ExtensibilityGlobals) = postSolution
		SolutionGuid = {2344F7DD-C872-4883-A0B7-B5AB53C6247D}
	EndGlobalSection
EndGlobal
