
Microsoft Visual Studio Solution File, Format Version 12.00
# Visual Studio Version 16
VisualStudioVersion = 16.0.30717.126
MinimumVisualStudioVersion = 10.0.40219.1
Project("{FAE04EC0-301F-11D3-BF4B-00C04F79EFBC}") = "warzone_cleaner_c", "warzone_cleaner_c\warzone_cleaner_c.csproj", "{213BE0A2-8B70-4844-BE39-840B2A6BBF9F}"
EndProject
Global
	GlobalSection(SolutionConfigurationPlatforms) = preSolution
		Debug|Any CPU = Debug|Any CPU
		Release|Any CPU = Release|Any CPU
	EndGlobalSection
	GlobalSection(ProjectConfigurationPlatforms) = postSolution
		{213BE0A2-8B70-4844-BE39-840B2A6BBF9F}.Debug|Any CPU.ActiveCfg = Debug|Any CPU
		{213BE0A2-8B70-4844-BE39-840B2A6BBF9F}.Debug|Any CPU.Build.0 = Debug|Any CPU
		{213BE0A2-8B70-4844-BE39-840B2A6BBF9F}.Release|Any CPU.ActiveCfg = Release|Any CPU
		{213BE0A2-8B70-4844-BE39-840B2A6BBF9F}.Release|Any CPU.Build.0 = Release|Any CPU
	EndGlobalSection
	GlobalSection(SolutionProperties) = preSolution
		HideSolutionNode = FALSE
	EndGlobalSection
	GlobalSection(ExtensibilityGlobals) = postSolution
		SolutionGuid = {8B382369-EF19-4C1C-BCB9-9D44BC7DB9F2}
	EndGlobalSection
EndGlobal
